// !$*UTF8*$!
{
	archiveVersion = 1;
	classes = {
	};
	objectVersion = 46;
	objects = {

/* Begin PBXBuildFile section */
		493F571F1E96868800BDF893 /* AppDelegate.swift in Sources */ = {isa = PBXBuildFile; fileRef = 493F571E1E96868800BDF893 /* AppDelegate.swift */; };
		493F57211E96868800BDF893 /* ViewController.swift in Sources */ = {isa = PBXBuildFile; fileRef = 493F57201E96868800BDF893 /* ViewController.swift */; };
		493F57241E96868800BDF893 /* Main.storyboard in Resources */ = {isa = PBXBuildFile; fileRef = 493F57221E96868800BDF893 /* Main.storyboard */; };
		493F57261E96868800BDF893 /* Assets.xcassets in Resources */ = {isa = PBXBuildFile; fileRef = 493F57251E96868800BDF893 /* Assets.xcassets */; };
		493F57291E96868800BDF893 /* LaunchScreen.storyboard in Resources */ = {isa = PBXBuildFile; fileRef = 493F57271E96868800BDF893 /* LaunchScreen.storyboard */; };
		493F57321E96AB0600BDF893 /* ContentPriorityViewController.swift in Sources */ = {isa = PBXBuildFile; fileRef = 493F57311E96AB0600BDF893 /* ContentPriorityViewController.swift */; };
		49585EE91E9BCD8A0041BE1A /* ConstraintAnimationViewController.swift in Sources */ = {isa = PBXBuildFile; fileRef = 49585EE81E9BCD8A0041BE1A /* ConstraintAnimationViewController.swift */; };
/* End PBXBuildFile section */

/* Begin PBXFileReference section */
		493F571B1E96868800BDF893 /* AutoLayoutPractice.app */ = {isa = PBXFileReference; explicitFileType = wrapper.application; includeInIndex = 0; path = AutoLayoutPractice.app; sourceTree = BUILT_PRODUCTS_DIR; };
		493F571E1E96868800BDF893 /* AppDelegate.swift */ = {isa = PBXFileReference; lastKnownFileType = sourcecode.swift; path = AppDelegate.swift; sourceTree = "<group>"; };
		493F57201E96868800BDF893 /* ViewController.swift */ = {isa = PBXFileReference; lastKnownFileType = sourcecode.swift; path = ViewController.swift; sourceTree = "<group>"; };
		493F57231E96868800BDF893 /* Base */ = {isa = PBXFileReference; lastKnownFileType = file.storyboard; name = Base; path = Base.lproj/Main.storyboard; sourceTree = "<group>"; };
		493F57251E96868800BDF893 /* Assets.xcassets */ = {isa = PBXFileReference; lastKnownFileType = folder.assetcatalog; path = Assets.xcassets; sourceTree = "<group>"; };
		493F57281E96868800BDF893 /* Base */ = {isa = PBXFileReference; lastKnownFileType = file.storyboard; name = Base; path = Base.lproj/LaunchScreen.storyboard; sourceTree = "<group>"; };
		493F572A1E96868800BDF893 /* Info.plist */ = {isa = PBXFileReference; lastKnownFileType = text.plist.xml; path = Info.plist; sourceTree = "<group>"; };
		493F57311E96AB0600BDF893 /* ContentPriorityViewController.swift */ = {isa = PBXFileReference; fileEncoding = 4; lastKnownFileType = sourcecode.swift; path = ContentPriorityViewController.swift; sourceTree = "<group>"; };
		49585EE81E9BCD8A0041BE1A /* ConstraintAnimationViewController.swift */ = {isa = PBXFileReference; fileEncoding = 4; lastKnownFileType = sourcecode.swift; path = ConstraintAnimationViewController.swift; sourceTree = "<group>"; };
/* End PBXFileReference section */

/* Begin PBXFrameworksBuildPhase section */
		493F57181E96868800BDF893 /* Frameworks */ = {
			isa = PBXFrameworksBuildPhase;
			buildActionMask = 2147483647;
			files = (
			);
			runOnlyForDeploymentPostprocessing = 0;
		};
/* End PBXFrameworksBuildPhase section */

/* Begin PBXGroup section */
		493F57121E96868800BDF893 = {
			isa = PBXGroup;
			children = (
				493F571D1E96868800BDF893 /* AutoLayoutPractice */,
				493F571C1E96868800BDF893 /* Products */,
			);
			sourceTree = "<group>";
		};
		493F571C1E96868800BDF893 /* Products */ = {
			isa = PBXGroup;
			children = (
				493F571B1E96868800BDF893 /* AutoLayoutPractice.app */,
			);
			name = Products;
			sourceTree = "<group>";
		};
		493F571D1E96868800BDF893 /* AutoLayoutPractice */ = {
			isa = PBXGroup;
			children = (
				493F57301E96AADA00BDF893 /* Controllers */,
				493F571E1E96868800BDF893 /* AppDelegate.swift */,
				493F57201E96868800BDF893 /* ViewController.swift */,
				493F57221E96868800BDF893 /* Main.storyboard */,
				493F57251E96868800BDF893 /* Assets.xcassets */,
				493F57271E96868800BDF893 /* LaunchScreen.storyboard */,
				493F572A1E96868800BDF893 /* Info.plist */,
			);
			path = AutoLayoutPractice;
			sourceTree = "<group>";
		};
		493F57301E96AADA00BDF893 /* Controllers */ = {
			isa = PBXGroup;
			children = (
				493F57311E96AB0600BDF893 /* ContentPriorityViewController.swift */,
				49585EE81E9BCD8A0041BE1A /* ConstraintAnimationViewController.swift */,
			);
			name = Controllers;
			sourceTree = "<group>";
		};
/* End PBXGroup section */

/* Begin PBXNativeTarget section */
		493F571A1E96868800BDF893 /* AutoLayoutPractice */ = {
			isa = PBXNativeTarget;
			buildConfigurationList = 493F572D1E96868800BDF893 /* Build configuration list for PBXNativeTarget "AutoLayoutPractice" */;
			buildPhases = (
				493F57171E96868800BDF893 /* Sources */,
				493F57181E96868800BDF893 /* Frameworks */,
				493F57191E96868800BDF893 /* Resources */,
			);
			buildRules = (
			);
			dependencies = (
			);
			name = AutoLayoutPractice;
			productName = AutoLayoutPractice;
			productReference = 493F571B1E96868800BDF893 /* AutoLayoutPractice.app */;
			productType = "com.apple.product-type.application";
		};
/* End PBXNativeTarget section */

/* Begin PBXProject section */
		493F57131E96868800BDF893 /* Project object */ = {
			isa = PBXProject;
			attributes = {
				LastSwiftUpdateCheck = 0810;
				LastUpgradeCheck = 0810;
				ORGANIZATIONNAME = BEPiD;
				TargetAttributes = {
					493F571A1E96868800BDF893 = {
						CreatedOnToolsVersion = 8.1;
						DevelopmentTeam = U6J4M45K4J;
						ProvisioningStyle = Automatic;
					};
				};
			};
			buildConfigurationList = 493F57161E96868800BDF893 /* Build configuration list for PBXProject "AutoLayoutPractice" */;
			compatibilityVersion = "Xcode 3.2";
			developmentRegion = English;
			hasScannedForEncodings = 0;
			knownRegions = (
				en,
				Base,
			);
			mainGroup = 493F57121E96868800BDF893;
			productRefGroup = 493F571C1E96868800BDF893 /* Products */;
			projectDirPath = "";
			projectRoot = "";
			targets = (
				493F571A1E96868800BDF893 /* AutoLayoutPractice */,
			);
		};
/* End PBXProject section */

/* Begin PBXResourcesBuildPhase section */
		493F57191E96868800BDF893 /* Resources */ = {
			isa = PBXResourcesBuildPhase;
			buildActionMask = 2147483647;
			files = (
				493F57291E96868800BDF893 /* LaunchScreen.storyboard in Resources */,
				493F57261E96868800BDF893 /* Assets.xcassets in Resources */,
				493F57241E96868800BDF893 /* Main.storyboard in Resources */,
			);
			runOnlyForDeploymentPostprocessing = 0;
		};
/* End PBXResourcesBuildPhase section */

/* Begin PBXSourcesBuildPhase section */
		493F57171E96868800BDF893 /* Sources */ = {
			isa = PBXSourcesBuildPhase;
			buildActionMask = 2147483647;
			files = (
				493F57211E96868800BDF893 /* ViewController.swift in Sources */,
				493F571F1E96868800BDF893 /* AppDelegate.swift in Sources */,
				49585EE91E9BCD8A0041BE1A /* ConstraintAnimationViewController.swift in Sources */,
				493F57321E96AB0600BDF893 /* ContentPriorityViewController.swift in Sources */,
			);
			runOnlyForDeploymentPostprocessing = 0;
		};
/* End PBXSourcesBuildPhase section */

/* Begin PBXVariantGroup section */
		493F57221E96868800BDF893 /* Main.storyboard */ = {
			isa = PBXVariantGroup;
			children = (
				493F57231E96868800BDF893 /* Base */,
			);
			name = Main.storyboard;
			sourceTree = "<group>";
		};
		493F57271E96868800BDF893 /* LaunchScreen.storyboard */ = {
			isa = PBXVariantGroup;
			children = (
				493F57281E96868800BDF893 /* Base */,
			);
			name = LaunchScreen.storyboard;
			sourceTree = "<group>";
		};
/* End PBXVariantGroup section */

/* Begin XCBuildConfiguration section */
		493F572B1E96868800BDF893 /* Debug */ = {
			isa = XCBuildConfiguration;
			buildSettings = {
				ALWAYS_SEARCH_USER_PATHS = NO;
				CLANG_ANALYZER_NONNULL = YES;
				CLANG_CXX_LANGUAGE_STANDARD = "gnu++0x";
				CLANG_CXX_LIBRARY = "libc++";
				CLANG_ENABLE_MODULES = YES;
				CLANG_ENABLE_OBJC_ARC = YES;
				CLANG_WARN_BOOL_CONVERSION = YES;
				CLANG_WARN_CONSTANT_CONVERSION = YES;
				CLANG_WARN_DIRECT_OBJC_ISA_USAGE = YES_ERROR;
				CLANG_WARN_DOCUMENTATION_COMMENTS = YES;
				CLANG_WARN_EMPTY_BODY = YES;
				CLANG_WARN_ENUM_CONVERSION = YES;
				CLANG_WARN_INFINITE_RECURSION = YES;
				CLANG_WARN_INT_CONVERSION = YES;
				CLANG_WARN_OBJC_ROOT_CLASS = YES_ERROR;
				CLANG_WARN_SUSPICIOUS_MOVES = YES;
				CLANG_WARN_UNREACHABLE_CODE = YES;
				CLANG_WARN__DUPLICATE_METHOD_MATCH = YES;
				"CODE_SIGN_IDENTITY[sdk=iphoneos*]" = "iPhone Developer";
				COPY_PHASE_STRIP = NO;
				DEBUG_INFORMATION_FORMAT = dwarf;
				ENABLE_STRICT_OBJC_MSGSEND = YES;
				ENABLE_TESTABILITY = YES;
				GCC_C_LANGUAGE_STANDARD = gnu99;
				GCC_DYNAMIC_NO_PIC = NO;
				GCC_NO_COMMON_BLOCKS = YES;
				GCC_OPTIMIZATION_LEVEL = 0;
				GCC_PREPROCESSOR_DEFINITIONS = (
					"DEBUG=1",
					"$(inherited)",
				);
				GCC_WARN_64_TO_32_BIT_CONVERSION = YES;
				GCC_WARN_ABOUT_RETURN_TYPE = YES_ERROR;
				GCC_WARN_UNDECLARED_SELECTOR = YES;
				GCC_WARN_UNINITIALIZED_AUTOS = YES_AGGRESSIVE;
				GCC_WARN_UNUSED_FUNCTION = YES;
				GCC_WARN_UNUSED_VARIABLE = YES;
				IPHONEOS_DEPLOYMENT_TARGET = 10.1;
				MTL_ENABLE_DEBUG_INFO = YES;
				ONLY_ACTIVE_ARCH = YES;
				SDKROOT = iphoneos;
				SWIFT_ACTIVE_COMPILATION_CONDITIONS = DEBUG;
				SWIFT_OPTIMIZATION_LEVEL = "-Onone";
				TARGETED_DEVICE_FAMILY = "1,2";
			};
			name = Debug;
		};
		493F572C1E96868800BDF893 /* Release */ = {
			isa = XCBuildConfiguration;
			buildSettings = {
				ALWAYS_SEARCH_USER_PATHS = NO;
				CLANG_ANALYZER_NONNULL = YES;
				CLANG_CXX_LANGUAGE_STANDARD = "gnu++0x";
				CLANG_CXX_LIBRARY = "libc++";
				CLANG_ENABLE_MODULES = YES;
				CLANG_ENABLE_OBJC_ARC = YES;
				CLANG_WARN_BOOL_CONVERSION = YES;
				CLANG_WARN_CONSTANT_CONVERSION = YES;
				CLANG_WARN_DIRECT_OBJC_ISA_USAGE = YES_ERROR;
				CLANG_WARN_DOCUMENTATION_COMMENTS = YES;
				CLANG_WARN_EMPTY_BODY = YES;
				CLANG_WARN_ENUM_CONVERSION = YES;
				CLANG_WARN_INFINITE_RECURSION = YES;
				CLANG_WARN_INT_CONVERSION = YES;
				CLANG_WARN_OBJC_ROOT_CLASS = YES_ERROR;
				CLANG_WARN_SUSPICIOUS_MOVES = YES;
				CLANG_WARN_UNREACHABLE_CODE = YES;
				CLANG_WARN__DUPLICATE_METHOD_MATCH = YES;
				"CODE_SIGN_IDENTITY[sdk=iphoneos*]" = "iPhone Developer";
				COPY_PHASE_STRIP = NO;
				DEBUG_INFORMATION_FORMAT = "dwarf-with-dsym";
				ENABLE_NS_ASSERTIONS = NO;
				ENABLE_STRICT_OBJC_MSGSEND = YES;
				GCC_C_LANGUAGE_STANDARD = gnu99;
				GCC_NO_COMMON_BLOCKS = YES;
				GCC_WARN_64_TO_32_BIT_CONVERSION = YES;
				GCC_WARN_ABOUT_RETURN_TYPE = YES_ERROR;
				GCC_WARN_UNDECLARED_SELECTOR = YES;
				GCC_WARN_UNINITIALIZED_AUTOS = YES_AGGRESSIVE;
				GCC_WARN_UNUSED_FUNCTION = YES;
				GCC_WARN_UNUSED_VARIABLE = YES;
				IPHONEOS_DEPLOYMENT_TARGET = 10.1;
				MTL_ENABLE_DEBUG_INFO = NO;
				SDKROOT = iphoneos;
				SWIFT_OPTIMIZATION_LEVEL = "-Owholemodule";
				TARGETED_DEVICE_FAMILY = "1,2";
				VALIDATE_PRODUCT = YES;
			};
			name = Release;
		};
		493F572E1E96868800BDF893 /* Debug */ = {
			isa = XCBuildConfiguration;
			buildSettings = {
				ASSETCATALOG_COMPILER_APPICON_NAME = AppIcon;
				DEVELOPMENT_TEAM = U6J4M45K4J;
				INFOPLIST_FILE = AutoLayoutPractice/Info.plist;
				LD_RUNPATH_SEARCH_PATHS = "$(inherited) @executable_path/Frameworks";
				PRODUCT_BUNDLE_IDENTIFIER = br.com.bepid.AutoLayoutPractice;
				PRODUCT_NAME = "$(TARGET_NAME)";
				SWIFT_VERSION = 3.0;
			};
			name = Debug;
		};
		493F572F1E96868800BDF893 /* Release */ = {
			isa = XCBuildConfiguration;
			buildSettings = {
				ASSETCATALOG_COMPILER_APPICON_NAME = AppIcon;
				DEVELOPMENT_TEAM = U6J4M45K4J;
				INFOPLIST_FILE = AutoLayoutPractice/Info.plist;
				LD_RUNPATH_SEARCH_PATHS = "$(inherited) @executable_path/Frameworks";
				PRODUCT_BUNDLE_IDENTIFIER = br.com.bepid.AutoLayoutPractice;
				PRODUCT_NAME = "$(TARGET_NAME)";
				SWIFT_VERSION = 3.0;
			};
			name = Release;
		};
/* End XCBuildConfiguration section */

/* Begin XCConfigurationList section */
		493F57161E96868800BDF893 /* Build configuration list for PBXProject "AutoLayoutPractice" */ = {
			isa = XCConfigurationList;
			buildConfigurations = (
				493F572B1E96868800BDF893 /* Debug */,
				493F572C1E96868800BDF893 /* Release */,
			);
			defaultConfigurationIsVisible = 0;
			defaultConfigurationName = Release;
		};
		493F572D1E96868800BDF893 /* Build configuration list for PBXNativeTarget "AutoLayoutPractice" */ = {
			isa = XCConfigurationList;
			buildConfigurations = (
				493F572E1E96868800BDF893 /* Debug */,
				493F572F1E96868800BDF893 /* Release */,
			);
			defaultConfigurationIsVisible = 0;
			defaultConfigurationName = Release;
		};
/* End XCConfigurationList section */
	};
	rootObject = 493F57131E96868800BDF893 /* Project object */;
}
